
Microsoft Visual Studio Solution File, Format Version 12.00
# Visual Studio Version 17
VisualStudioVersion = 17.9.34526.213
MinimumVisualStudioVersion = 15.0.26124.0
Project("{2150E333-8FDC-42A3-9474-1A3956D46DE8}") = "Solution Items", "Solution Items", "{1CE9670B-D5FF-46A7-9D00-24E70E6ED48B}"
	ProjectSection(SolutionItems) = preProject
		.editorconfig = .editorconfig
		Directory.Build.props = Directory.Build.props
		Directory.Build.targets = Directory.Build.targets
		Directory.Packages.props = Directory.Packages.props
		global.json = global.json
		nuget.config = nuget.config
		README.md = README.md
		stylecop.json = stylecop.json
		version.json = version.json
	EndProjectSection
EndProject
Project("{2150E333-8FDC-42A3-9474-1A3956D46DE8}") = "src", "src", "{9E154A29-1796-4B85-BD81-B6A385D8FF71}"
	ProjectSection(SolutionItems) = preProject
		src\.editorconfig = src\.editorconfig
		src\Directory.Build.props = src\Directory.Build.props
		src\Directory.Build.targets = src\Directory.Build.targets
	EndProjectSection
EndProject
Project("{2150E333-8FDC-42A3-9474-1A3956D46DE8}") = "test", "test", "{36CCE840-6FE5-4DB9-A8D5-8CF3CB6D342A}"
	ProjectSection(SolutionItems) = preProject
		test\.editorconfig = test\.editorconfig
		test\Directory.Build.props = test\Directory.Build.props
		test\Directory.Build.targets = test\Directory.Build.targets
	EndProjectSection
EndProject
Project("{2150E333-8FDC-42A3-9474-1A3956D46DE8}") = "src", "src", "{781AA387-FFB1-47AD-8A96-E7AE9A8A775F}"
EndProject
Project("{9A19103F-16F7-4668-BE54-9A1E7A4F7556}") = "MauiAspire.App", "src\MauiAspire.App\MauiAspire.App.csproj", "{F257BEFA-72A9-46CE-85B4-34BA745CA753}"
EndProject
Project("{9A19103F-16F7-4668-BE54-9A1E7A4F7556}") = "AspireMobile.Hosting", "src\AspireMobile.Hosting\AspireMobile.Hosting.csproj", "{10607B5B-5430-4560-800B-05986D9DD1DA}"
EndProject
Project("{9A19103F-16F7-4668-BE54-9A1E7A4F7556}") = "MauiAspire.ProjectTemplates", "src\MauiAspire.ProjectTemplates\MauiAspire.ProjectTemplates.csproj", "{53E288B2-9431-489D-BA0C-7A2547EE5624}"
EndProject
Project("{9A19103F-16F7-4668-BE54-9A1E7A4F7556}") = "AspireMobile.SettingsGenerator", "src\AspireMobile.SettingsGenerator\AspireMobile.SettingsGenerator.csproj", "{B3D156FA-2B4C-4844-99DE-AC408A3B0AD4}"
EndProject
Global
	GlobalSection(SolutionConfigurationPlatforms) = preSolution
		Debug|Any CPU = Debug|Any CPU
		Release|Any CPU = Release|Any CPU
	EndGlobalSection
	GlobalSection(ProjectConfigurationPlatforms) = postSolution
		{F257BEFA-72A9-46CE-85B4-34BA745CA753}.Debug|Any CPU.ActiveCfg = Debug|Any CPU
		{F257BEFA-72A9-46CE-85B4-34BA745CA753}.Debug|Any CPU.Build.0 = Debug|Any CPU
		{F257BEFA-72A9-46CE-85B4-34BA745CA753}.Release|Any CPU.ActiveCfg = Release|Any CPU
		{F257BEFA-72A9-46CE-85B4-34BA745CA753}.Release|Any CPU.Build.0 = Release|Any CPU
		{10607B5B-5430-4560-800B-05986D9DD1DA}.Debug|Any CPU.ActiveCfg = Debug|Any CPU
		{10607B5B-5430-4560-800B-05986D9DD1DA}.Debug|Any CPU.Build.0 = Debug|Any CPU
		{10607B5B-5430-4560-800B-05986D9DD1DA}.Release|Any CPU.ActiveCfg = Release|Any CPU
		{10607B5B-5430-4560-800B-05986D9DD1DA}.Release|Any CPU.Build.0 = Release|Any CPU
		{53E288B2-9431-489D-BA0C-7A2547EE5624}.Debug|Any CPU.ActiveCfg = Debug|Any CPU
		{53E288B2-9431-489D-BA0C-7A2547EE5624}.Debug|Any CPU.Build.0 = Debug|Any CPU
		{53E288B2-9431-489D-BA0C-7A2547EE5624}.Release|Any CPU.ActiveCfg = Release|Any CPU
		{53E288B2-9431-489D-BA0C-7A2547EE5624}.Release|Any CPU.Build.0 = Release|Any CPU
		{B3D156FA-2B4C-4844-99DE-AC408A3B0AD4}.Debug|Any CPU.ActiveCfg = Debug|Any CPU
		{B3D156FA-2B4C-4844-99DE-AC408A3B0AD4}.Debug|Any CPU.Build.0 = Debug|Any CPU
		{B3D156FA-2B4C-4844-99DE-AC408A3B0AD4}.Release|Any CPU.ActiveCfg = Release|Any CPU
		{B3D156FA-2B4C-4844-99DE-AC408A3B0AD4}.Release|Any CPU.Build.0 = Release|Any CPU
	EndGlobalSection
	GlobalSection(SolutionProperties) = preSolution
		HideSolutionNode = FALSE
	EndGlobalSection
	GlobalSection(NestedProjects) = preSolution
		{9E154A29-1796-4B85-BD81-B6A385D8FF71} = {1CE9670B-D5FF-46A7-9D00-24E70E6ED48B}
		{36CCE840-6FE5-4DB9-A8D5-8CF3CB6D342A} = {1CE9670B-D5FF-46A7-9D00-24E70E6ED48B}
		{F257BEFA-72A9-46CE-85B4-34BA745CA753} = {781AA387-FFB1-47AD-8A96-E7AE9A8A775F}
		{10607B5B-5430-4560-800B-05986D9DD1DA} = {781AA387-FFB1-47AD-8A96-E7AE9A8A775F}
		{53E288B2-9431-489D-BA0C-7A2547EE5624} = {781AA387-FFB1-47AD-8A96-E7AE9A8A775F}
		{B3D156FA-2B4C-4844-99DE-AC408A3B0AD4} = {781AA387-FFB1-47AD-8A96-E7AE9A8A775F}
	EndGlobalSection
	GlobalSection(ExtensibilityGlobals) = postSolution
		SolutionGuid = {E3944F6A-384B-4B0F-B93F-3BD513DC57BD}
	EndGlobalSection
EndGlobal
