
Microsoft Visual Studio Solution File, Format Version 12.00
# Visual Studio Version 16
VisualStudioVersion = 16.0.29322.22
MinimumVisualStudioVersion = 15.0.26124.0
Project("{2150E333-8FDC-42A3-9474-1A3956D46DE8}") = "Solution Items", "Solution Items", "{1CE9670B-D5FF-46A7-9D00-24E70E6ED48B}"
	ProjectSection(SolutionItems) = preProject
		.editorconfig = .editorconfig
		Directory.Build.props = Directory.Build.props
		Directory.Build.targets = Directory.Build.targets
		Directory.Packages.props = Directory.Packages.props
		global.json = global.json
		nuget.config = nuget.config
		README.md = README.md
		stylecop.json = stylecop.json
		version.json = version.json
	EndProjectSection
EndProject
Project("{2150E333-8FDC-42A3-9474-1A3956D46DE8}") = "src", "src", "{9E154A29-1796-4B85-BD81-B6A385D8FF71}"
	ProjectSection(SolutionItems) = preProject
		src\.editorconfig = src\.editorconfig
		src\Directory.Build.props = src\Directory.Build.props
		src\Directory.Build.targets = src\Directory.Build.targets
	EndProjectSection
EndProject
Project("{2150E333-8FDC-42A3-9474-1A3956D46DE8}") = "test", "test", "{36CCE840-6FE5-4DB9-A8D5-8CF3CB6D342A}"
	ProjectSection(SolutionItems) = preProject
		test\.editorconfig = test\.editorconfig
		test\Directory.Build.props = test\Directory.Build.props
		test\Directory.Build.targets = test\Directory.Build.targets
	EndProjectSection
EndProject
Project("{2150E333-8FDC-42A3-9474-1A3956D46DE8}") = "src", "src", "{781AA387-FFB1-47AD-8A96-E7AE9A8A775F}"
EndProject
Project("{FAE04EC0-301F-11D3-BF4B-00C04F79EFBC}") = "MauiAspire", "src\MauiAspire\MauiAspire.csproj", "{38C0C2D0-5419-4703-A517-F2B4F3DADE1E}"
EndProject
Project("{2150E333-8FDC-42A3-9474-1A3956D46DE8}") = "test", "test", "{53AB3F91-55BA-46F5-97F2-F1BBFA3EC4FB}"
EndProject
Project("{FAE04EC0-301F-11D3-BF4B-00C04F79EFBC}") = "MauiAspire.Tests", "test\MauiAspire.Tests\MauiAspire.Tests.csproj", "{5D0008F8-DE83-4740-81A3-9851176A7D86}"
EndProject
Global
	GlobalSection(SolutionConfigurationPlatforms) = preSolution
		Debug|Any CPU = Debug|Any CPU
		Release|Any CPU = Release|Any CPU
	EndGlobalSection
	GlobalSection(ProjectConfigurationPlatforms) = postSolution
		{38C0C2D0-5419-4703-A517-F2B4F3DADE1E}.Debug|Any CPU.ActiveCfg = Debug|Any CPU
		{38C0C2D0-5419-4703-A517-F2B4F3DADE1E}.Debug|Any CPU.Build.0 = Debug|Any CPU
		{38C0C2D0-5419-4703-A517-F2B4F3DADE1E}.Release|Any CPU.ActiveCfg = Release|Any CPU
		{38C0C2D0-5419-4703-A517-F2B4F3DADE1E}.Release|Any CPU.Build.0 = Release|Any CPU
		{5D0008F8-DE83-4740-81A3-9851176A7D86}.Debug|Any CPU.ActiveCfg = Debug|Any CPU
		{5D0008F8-DE83-4740-81A3-9851176A7D86}.Debug|Any CPU.Build.0 = Debug|Any CPU
		{5D0008F8-DE83-4740-81A3-9851176A7D86}.Release|Any CPU.ActiveCfg = Release|Any CPU
		{5D0008F8-DE83-4740-81A3-9851176A7D86}.Release|Any CPU.Build.0 = Release|Any CPU
	EndGlobalSection
	GlobalSection(SolutionProperties) = preSolution
		HideSolutionNode = FALSE
	EndGlobalSection
	GlobalSection(NestedProjects) = preSolution
		{9E154A29-1796-4B85-BD81-B6A385D8FF71} = {1CE9670B-D5FF-46A7-9D00-24E70E6ED48B}
		{36CCE840-6FE5-4DB9-A8D5-8CF3CB6D342A} = {1CE9670B-D5FF-46A7-9D00-24E70E6ED48B}
		{38C0C2D0-5419-4703-A517-F2B4F3DADE1E} = {781AA387-FFB1-47AD-8A96-E7AE9A8A775F}
		{5D0008F8-DE83-4740-81A3-9851176A7D86} = {53AB3F91-55BA-46F5-97F2-F1BBFA3EC4FB}
	EndGlobalSection
	GlobalSection(ExtensibilityGlobals) = postSolution
		SolutionGuid = {E3944F6A-384B-4B0F-B93F-3BD513DC57BD}
	EndGlobalSection
EndGlobal
